
Microsoft Visual Studio Solution File, Format Version 12.00
# Visual Studio 15
VisualStudioVersion = 15.0.34112.143
MinimumVisualStudioVersion = 10.0.40219.1
Project("{FAE04EC0-301F-11D3-BF4B-00C04F79EFBC}") = "Azure_Test_App", "Azure_Test_App\Azure_Test_App.csproj", "{A47ED313-2252-41AE-B04B-E799DD80A10D}"
EndProject
Global
	GlobalSection(SolutionConfigurationPlatforms) = preSolution
		Debug|Any CPU = Debug|Any CPU
		Release|Any CPU = Release|Any CPU
	EndGlobalSection
	GlobalSection(ProjectConfigurationPlatforms) = postSolution
		{A47ED313-2252-41AE-B04B-E799DD80A10D}.Debug|Any CPU.ActiveCfg = Debug|Any CPU
		{A47ED313-2252-41AE-B04B-E799DD80A10D}.Debug|Any CPU.Build.0 = Debug|Any CPU
		{A47ED313-2252-41AE-B04B-E799DD80A10D}.Release|Any CPU.ActiveCfg = Release|Any CPU
		{A47ED313-2252-41AE-B04B-E799DD80A10D}.Release|Any CPU.Build.0 = Release|Any CPU
	EndGlobalSection
	GlobalSection(SolutionProperties) = preSolution
		HideSolutionNode = FALSE
	EndGlobalSection
	GlobalSection(ExtensibilityGlobals) = postSolution
		SolutionGuid = {AE081251-5BDE-442D-90FF-0CF417A74168}
	EndGlobalSection
EndGlobal
